
Microsoft Visual Studio Solution File, Format Version 12.00
# Visual Studio Version 17
VisualStudioVersion = 17.5.33530.505
MinimumVisualStudioVersion = 10.0.40219.1
Project("{FAE04EC0-301F-11D3-BF4B-00C04F79EFBC}") = "Converter", "Converter\Converter.csproj", "{1AF207DC-5599-49F4-AD6F-F6B4AC9AE4C9}"
EndProject
Global
	GlobalSection(SolutionConfigurationPlatforms) = preSolution
		Debug|Any CPU = Debug|Any CPU
		Release|Any CPU = Release|Any CPU
	EndGlobalSection
	GlobalSection(ProjectConfigurationPlatforms) = postSolution
		{1AF207DC-5599-49F4-AD6F-F6B4AC9AE4C9}.Debug|Any CPU.ActiveCfg = Debug|Any CPU
		{1AF207DC-5599-49F4-AD6F-F6B4AC9AE4C9}.Debug|Any CPU.Build.0 = Debug|Any CPU
		{1AF207DC-5599-49F4-AD6F-F6B4AC9AE4C9}.Release|Any CPU.ActiveCfg = Release|Any CPU
		{1AF207DC-5599-49F4-AD6F-F6B4AC9AE4C9}.Release|Any CPU.Build.0 = Release|Any CPU
	EndGlobalSection
	GlobalSection(SolutionProperties) = preSolution
		HideSolutionNode = FALSE
	EndGlobalSection
	GlobalSection(ExtensibilityGlobals) = postSolution
		SolutionGuid = {A4B85EBF-B045-4204-8190-A9BF4D6E5695}
	EndGlobalSection
EndGlobal
