
Microsoft Visual Studio Solution File, Format Version 12.00
# Visual Studio Version 17
VisualStudioVersion = 17.5.33530.505
MinimumVisualStudioVersion = 10.0.40219.1
Project("{FAE04EC0-301F-11D3-BF4B-00C04F79EFBC}") = "Paint", "Paint\Paint.csproj", "{0F32D456-A479-4610-8E93-B5F5CF150E67}"
EndProject
Global
	GlobalSection(SolutionConfigurationPlatforms) = preSolution
		Debug|Any CPU = Debug|Any CPU
		Release|Any CPU = Release|Any CPU
	EndGlobalSection
	GlobalSection(ProjectConfigurationPlatforms) = postSolution
		{0F32D456-A479-4610-8E93-B5F5CF150E67}.Debug|Any CPU.ActiveCfg = Debug|Any CPU
		{0F32D456-A479-4610-8E93-B5F5CF150E67}.Debug|Any CPU.Build.0 = Debug|Any CPU
		{0F32D456-A479-4610-8E93-B5F5CF150E67}.Release|Any CPU.ActiveCfg = Release|Any CPU
		{0F32D456-A479-4610-8E93-B5F5CF150E67}.Release|Any CPU.Build.0 = Release|Any CPU
	EndGlobalSection
	GlobalSection(SolutionProperties) = preSolution
		HideSolutionNode = FALSE
	EndGlobalSection
	GlobalSection(ExtensibilityGlobals) = postSolution
		SolutionGuid = {87C17BB2-8B55-4C32-B6FD-57C837D3071A}
	EndGlobalSection
EndGlobal
